
Microsoft Visual Studio Solution File, Format Version 12.00
# Visual Studio Version 16
VisualStudioVersion = 16.0.30611.23
MinimumVisualStudioVersion = 10.0.40219.1
Project("{FAE04EC0-301F-11D3-BF4B-00C04F79EFBC}") = "GUI", "GUI\GUI.csproj", "{617AECEB-B86E-4F47-9816-D0FE490EB8EC}"
EndProject
Project("{FAE04EC0-301F-11D3-BF4B-00C04F79EFBC}") = "BUS", "BUS\BUS.csproj", "{6D276279-F6EE-4F28-B6D5-89F3DDD720B3}"
EndProject
Project("{FAE04EC0-301F-11D3-BF4B-00C04F79EFBC}") = "DAL", "DAL\DAL.csproj", "{03D24910-DD26-4F96-BF28-787493C15853}"
EndProject
Project("{FAE04EC0-301F-11D3-BF4B-00C04F79EFBC}") = "DTO", "DTO\DTO.csproj", "{7B9E1A73-E04D-4905-9738-A677CAF77EFA}"
EndProject
Project("{9A19103F-16F7-4668-BE54-9A1E7A4F7556}") = "BanHang", "D:\IT\MoHinhPhanLop\QuanLy\BanHang\BanHang.csproj", "{4F46244F-4B5A-4337-9D99-0D583FE0FECE}"
EndProject
Global
	GlobalSection(SolutionConfigurationPlatforms) = preSolution
		Debug|Any CPU = Debug|Any CPU
		Release|Any CPU = Release|Any CPU
	EndGlobalSection
	GlobalSection(ProjectConfigurationPlatforms) = postSolution
		{617AECEB-B86E-4F47-9816-D0FE490EB8EC}.Debug|Any CPU.ActiveCfg = Debug|Any CPU
		{617AECEB-B86E-4F47-9816-D0FE490EB8EC}.Debug|Any CPU.Build.0 = Debug|Any CPU
		{617AECEB-B86E-4F47-9816-D0FE490EB8EC}.Release|Any CPU.ActiveCfg = Release|Any CPU
		{617AECEB-B86E-4F47-9816-D0FE490EB8EC}.Release|Any CPU.Build.0 = Release|Any CPU
		{6D276279-F6EE-4F28-B6D5-89F3DDD720B3}.Debug|Any CPU.ActiveCfg = Debug|Any CPU
		{6D276279-F6EE-4F28-B6D5-89F3DDD720B3}.Debug|Any CPU.Build.0 = Debug|Any CPU
		{6D276279-F6EE-4F28-B6D5-89F3DDD720B3}.Release|Any CPU.ActiveCfg = Release|Any CPU
		{6D276279-F6EE-4F28-B6D5-89F3DDD720B3}.Release|Any CPU.Build.0 = Release|Any CPU
		{03D24910-DD26-4F96-BF28-787493C15853}.Debug|Any CPU.ActiveCfg = Debug|Any CPU
		{03D24910-DD26-4F96-BF28-787493C15853}.Debug|Any CPU.Build.0 = Debug|Any CPU
		{03D24910-DD26-4F96-BF28-787493C15853}.Release|Any CPU.ActiveCfg = Release|Any CPU
		{03D24910-DD26-4F96-BF28-787493C15853}.Release|Any CPU.Build.0 = Release|Any CPU
		{7B9E1A73-E04D-4905-9738-A677CAF77EFA}.Debug|Any CPU.ActiveCfg = Debug|Any CPU
		{7B9E1A73-E04D-4905-9738-A677CAF77EFA}.Debug|Any CPU.Build.0 = Debug|Any CPU
		{7B9E1A73-E04D-4905-9738-A677CAF77EFA}.Release|Any CPU.ActiveCfg = Release|Any CPU
		{7B9E1A73-E04D-4905-9738-A677CAF77EFA}.Release|Any CPU.Build.0 = Release|Any CPU
		{4F46244F-4B5A-4337-9D99-0D583FE0FECE}.Debug|Any CPU.ActiveCfg = Debug|Any CPU
		{4F46244F-4B5A-4337-9D99-0D583FE0FECE}.Debug|Any CPU.Build.0 = Debug|Any CPU
		{4F46244F-4B5A-4337-9D99-0D583FE0FECE}.Release|Any CPU.ActiveCfg = Release|Any CPU
		{4F46244F-4B5A-4337-9D99-0D583FE0FECE}.Release|Any CPU.Build.0 = Release|Any CPU
	EndGlobalSection
	GlobalSection(SolutionProperties) = preSolution
		HideSolutionNode = FALSE
	EndGlobalSection
	GlobalSection(ExtensibilityGlobals) = postSolution
		SolutionGuid = {F63598AA-D140-4FD2-AEE3-39BD63618358}
	EndGlobalSection
EndGlobal
